<?xml version="1.0" encoding="utf-8"?>
<Project ToolsVersion="4.0" xmlns="http://schemas.microsoft.com/developer/msbuild/2003">
  <ItemGroup>
    <Filter Include="Source Files">
      <UniqueIdentifier>{4FC737F1-C7A5-4376-A066-2A32D752A2FF}</UniqueIdentifier>
      <Extensions>cpp;c;cc;cxx;def;odl;idl;hpj;bat;asm;asmx</Extensions>
    </Filter>
    <Filter Include="Resource Files">
      <UniqueIdentifier>{67DA6AB6-F800-4c08-8B7A-83BB121AAD01}</UniqueIdentifier>
      <Extensions>rc;ico;cur;bmp;dlg;rc2;rct;bin;rgs;gif;jpg;jpeg;jpe;resx;tiff;tif;png;wav;mfcribbon-ms</Extensions>
    </Filter>
    <Filter Include="Database">
      <UniqueIdentifier>{22309c18-c9bc-40de-8ff0-96673ddc7f93}</UniqueIdentifier>
    </Filter>
    <Filter Include="User Interface">
      <UniqueIdentifier>{93995380-89BD-4b04-88EB-625FBE52EBFB}</UniqueIdentifier>
      <Extensions>h;hh;hpp;hxx;hm;inl;inc;xsd</Extensions>
    </Filter>
  </ItemGroup>
  <ItemGroup>
    <ClInclude Include="UIMain.h">
      <Filter>User Interface</Filter>
    </ClInclude>
    <ClInclude Include="UIAvailability.h">
      <Filter>User Interface</Filter>
    </ClInclude>
    <ClInclude Include="UIRedeem.h">
      <Filter>User Interface</Filter>
    </ClInclude>
    <ClInclude Include="UIPurchase.h">
      <Filter>User Interface</Filter>
    </ClInclude>
    <ClInclude Include="UIConfig.h">
      <Filter>User Interface</Filter>
    </ClInclude>
    <ClInclude Include="stdafx.h">
      <Filter>User Interface</Filter>
    </ClInclude>
    <ClInclude Include="UIFeatureUnavailable.h">
      <Filter>User Interface</Filter>
    </ClInclude>
  </ItemGroup>
  <ItemGroup>
    <EmbeddedResource Include="UIMain.resx">
      <Filter>Resource Files</Filter>
    </EmbeddedResource>
    <EmbeddedResource Include="UIConfig.resx">
      <Filter>Resource Files</Filter>
    </EmbeddedResource>
    <EmbeddedResource Include="UIAvailability.resx">
      <Filter>Resource Files</Filter>
    </EmbeddedResource>
    <EmbeddedResource Include="UIPurchase.resx">
      <Filter>Resource Files</Filter>
    </EmbeddedResource>
    <EmbeddedResource Include="UIRedeem.resx">
      <Filter>Resource Files</Filter>
    </EmbeddedResource>
  </ItemGroup>
  <ItemGroup>
    <ClCompile Include="UIMain.cpp">
      <Filter>Source Files</Filter>
    </ClCompile>
    <ClCompile Include="UIAvailability.cpp">
      <Filter>User Interface</Filter>
    </ClCompile>
    <ClCompile Include="UIRedeem.cpp">
      <Filter>User Interface</Filter>
    </ClCompile>
    <ClCompile Include="UIPurchase.cpp">
      <Filter>User Interface</Filter>
    </ClCompile>
    <ClCompile Include="UIConfig.cpp">
      <Filter>User Interface</Filter>
    </ClCompile>
    <ClCompile Include="stdafx.cpp">
      <Filter>User Interface</Filter>
    </ClCompile>
    <ClCompile Include="ATSBaseClass.cpp">
      <Filter>Source Files</Filter>
    </ClCompile>
    <ClCompile Include="ATSCustomer.cpp">
      <Filter>Source Files</Filter>
    </ClCompile>
    <ClCompile Include="ATSDBController.cpp">
      <Filter>Source Files</Filter>
    </ClCompile>
    <ClCompile Include="ATSEvent.cpp">
      <Filter>Source Files</Filter>
    </ClCompile>
    <ClCompile Include="ATSIController.cpp">
      <Filter>Source Files</Filter>
    </ClCompile>
    <ClCompile Include="ATSNetwork.cpp">
      <Filter>Source Files</Filter>
    </ClCompile>
    <ClCompile Include="ATSPaymentBroker.cpp">
      <Filter>Source Files</Filter>
    </ClCompile>
    <ClCompile Include="ATSSystem.cpp">
      <Filter>Source Files</Filter>
    </ClCompile>
    <ClCompile Include="ATSTicket.cpp">
      <Filter>Source Files</Filter>
    </ClCompile>
    <ClCompile Include="ATSTimer.cpp">
      <Filter>Source Files</Filter>
    </ClCompile>
    <ClCompile Include="ATSVendor.cpp">
      <Filter>Source Files</Filter>
    </ClCompile>
    <ClCompile Include="UIFeatureUnavailable.cpp">
      <Filter>User Interface</Filter>
    </ClCompile>
  </ItemGroup>
  <ItemGroup>
    <Image Include="MoviePoster1.jpg">
      <Filter>Resource Files</Filter>
    </Image>
    <Image Include="MoviePoster2.jpg">
      <Filter>Resource Files</Filter>
    </Image>
    <Image Include="MoviePoster3.jpg">
      <Filter>Resource Files</Filter>
    </Image>
    <Image Include="MoviePoster4.jpg">
      <Filter>Resource Files</Filter>
    </Image>
    <Image Include="MoviePoster5.jpg">
      <Filter>Resource Files</Filter>
    </Image>
    <Image Include="googlewallet.jpg">
      <Filter>Resource Files</Filter>
    </Image>
    <Image Include="paypal.jpg">
      <Filter>Resource Files</Filter>
    </Image>
    <Image Include="applepay.jpg">
      <Filter>Resource Files</Filter>
    </Image>
  </ItemGroup>
  <ItemGroup>
    <None Include="master.bak">
      <Filter>Database</Filter>
    </None>
    <None Include="proj.mdf">
      <Filter>Database</Filter>
    </None>
    <None Include="proj_log.ldf">
      <Filter>Database</Filter>
    </None>
  </ItemGroup>
</Project>